
Microsoft Visual Studio Solution File, Format Version 12.00
# Visual Studio 15
VisualStudioVersion = 15.0.28307.489
MinimumVisualStudioVersion = 10.0.40219.1
Project("{FAE04EC0-301F-11D3-BF4B-00C04F79EFBC}") = "IEXSigner", "IEXSigner\IEXSigner.csproj", "{DFCCBDA3-B7CB-4F41-BC3F-9E6CD9BD416B}"
EndProject
Global
	GlobalSection(SolutionConfigurationPlatforms) = preSolution
		Debug|Any CPU = Debug|Any CPU
		Release|Any CPU = Release|Any CPU
	EndGlobalSection
	GlobalSection(ProjectConfigurationPlatforms) = postSolution
		{DFCCBDA3-B7CB-4F41-BC3F-9E6CD9BD416B}.Debug|Any CPU.ActiveCfg = Debug|Any CPU
		{DFCCBDA3-B7CB-4F41-BC3F-9E6CD9BD416B}.Debug|Any CPU.Build.0 = Debug|Any CPU
		{DFCCBDA3-B7CB-4F41-BC3F-9E6CD9BD416B}.Release|Any CPU.ActiveCfg = Release|Any CPU
		{DFCCBDA3-B7CB-4F41-BC3F-9E6CD9BD416B}.Release|Any CPU.Build.0 = Release|Any CPU
	EndGlobalSection
	GlobalSection(SolutionProperties) = preSolution
		HideSolutionNode = FALSE
	EndGlobalSection
	GlobalSection(ExtensibilityGlobals) = postSolution
		SolutionGuid = {124B001D-F5E2-4153-9528-E20E1089AD63}
	EndGlobalSection
EndGlobal
