
Microsoft Visual Studio Solution File, Format Version 12.00
# Visual Studio Version 16
VisualStudioVersion = 16.0.29503.13
MinimumVisualStudioVersion = 10.0.40219.1
Project("{9A19103F-16F7-4668-BE54-9A1E7A4F7556}") = "IEX.Test", "IEX.Test\IEX.Test.csproj", "{4A8695D1-CC6D-417B-B48D-78D0217FB894}"
EndProject
Project("{9A19103F-16F7-4668-BE54-9A1E7A4F7556}") = "IEXClient", "IEXClient\IEXClient.csproj", "{D918C9D2-0A76-4168-B4B6-DB47A33D2ACF}"
EndProject
Global
	GlobalSection(SolutionConfigurationPlatforms) = preSolution
		Debug|Any CPU = Debug|Any CPU
		Release|Any CPU = Release|Any CPU
	EndGlobalSection
	GlobalSection(ProjectConfigurationPlatforms) = postSolution
		{4A8695D1-CC6D-417B-B48D-78D0217FB894}.Debug|Any CPU.ActiveCfg = Debug|Any CPU
		{4A8695D1-CC6D-417B-B48D-78D0217FB894}.Debug|Any CPU.Build.0 = Debug|Any CPU
		{4A8695D1-CC6D-417B-B48D-78D0217FB894}.Release|Any CPU.ActiveCfg = Release|Any CPU
		{4A8695D1-CC6D-417B-B48D-78D0217FB894}.Release|Any CPU.Build.0 = Release|Any CPU
		{D918C9D2-0A76-4168-B4B6-DB47A33D2ACF}.Debug|Any CPU.ActiveCfg = Debug|Any CPU
		{D918C9D2-0A76-4168-B4B6-DB47A33D2ACF}.Debug|Any CPU.Build.0 = Debug|Any CPU
		{D918C9D2-0A76-4168-B4B6-DB47A33D2ACF}.Release|Any CPU.ActiveCfg = Release|Any CPU
		{D918C9D2-0A76-4168-B4B6-DB47A33D2ACF}.Release|Any CPU.Build.0 = Release|Any CPU
	EndGlobalSection
	GlobalSection(SolutionProperties) = preSolution
		HideSolutionNode = FALSE
	EndGlobalSection
	GlobalSection(ExtensibilityGlobals) = postSolution
		SolutionGuid = {C2078087-60C1-4DEF-84FB-F5E1B71AE9FE}
	EndGlobalSection
EndGlobal
